
Microsoft Visual Studio Solution File, Format Version 12.00
# Visual Studio Version 17
VisualStudioVersion = 17.7.34003.232
MinimumVisualStudioVersion = 10.0.40219.1
Project("{FAE04EC0-301F-11D3-BF4B-00C04F79EFBC}") = "PROYECTO_WEB", "PROYECTO_WEB.csproj", "{674ECF23-4626-4947-A75C-06E3AFFF2136}"
EndProject
Global
	GlobalSection(SolutionConfigurationPlatforms) = preSolution
		Debug|Any CPU = Debug|Any CPU
		Release|Any CPU = Release|Any CPU
	EndGlobalSection
	GlobalSection(ProjectConfigurationPlatforms) = postSolution
		{674ECF23-4626-4947-A75C-06E3AFFF2136}.Debug|Any CPU.ActiveCfg = Debug|Any CPU
		{674ECF23-4626-4947-A75C-06E3AFFF2136}.Debug|Any CPU.Build.0 = Debug|Any CPU
		{674ECF23-4626-4947-A75C-06E3AFFF2136}.Release|Any CPU.ActiveCfg = Release|Any CPU
		{674ECF23-4626-4947-A75C-06E3AFFF2136}.Release|Any CPU.Build.0 = Release|Any CPU
	EndGlobalSection
	GlobalSection(SolutionProperties) = preSolution
		HideSolutionNode = FALSE
	EndGlobalSection
	GlobalSection(ExtensibilityGlobals) = postSolution
		SolutionGuid = {729D152A-A57D-4454-A8BC-B285852C2513}
	EndGlobalSection
EndGlobal
